{"is_source_file": false, "format": "", "description": "", "external_files": [], "external_methods": [], "published": [], "classes": [], "methods": [], "calls": [], "search-terms": [], "state": 2, "file_id": 10, "knowledge_revision": 29, "git_revision": "666d61bc91b63d2a48c37b62fb53087b19285937", "filename": "/home/kavia/workspace/code-generation/tictactoemaster-8485-8511/main_container_for_tictactoemaster/post_process_status.lock", "hash": "9c4ed7ef73e22b872b8055bec08b8979", "format-version": 4, "code-base-name": "default", "revision_history": [{"29": "666d61bc91b63d2a48c37b62fb53087b19285937"}]}